
Microsoft Visual Studio Solution File, Format Version 11.00
# Visual Studio 2010
Project("{FAE04EC0-301F-11D3-BF4B-00C04F79EFBC}") = "CopyToAppData", "CopyToAppData.csproj", "{F46A782C-0B09-42A3-B4B6-ACA338642C71}"
EndProject
Global
	GlobalSection(SolutionConfigurationPlatforms) = preSolution
		Debug|x86 = Debug|x86
		Release|x86 = Release|x86
	EndGlobalSection
	GlobalSection(ProjectConfigurationPlatforms) = postSolution
		{F46A782C-0B09-42A3-B4B6-ACA338642C71}.Debug|x86.ActiveCfg = Debug|x86
		{F46A782C-0B09-42A3-B4B6-ACA338642C71}.Debug|x86.Build.0 = Debug|x86
		{F46A782C-0B09-42A3-B4B6-ACA338642C71}.Release|x86.ActiveCfg = Release|x86
		{F46A782C-0B09-42A3-B4B6-ACA338642C71}.Release|x86.Build.0 = Release|x86
	EndGlobalSection
	GlobalSection(SolutionProperties) = preSolution
		HideSolutionNode = FALSE
	EndGlobalSection
EndGlobal
