
Microsoft Visual Studio Solution File, Format Version 12.00
# Visual Studio Version 16
VisualStudioVersion = 16.0.28729.10
MinimumVisualStudioVersion = 10.0.40219.1
Project("{2150E333-8FDC-42A3-9474-1A3956D46DE8}") = "MudFramework", "MudFramework", "{70B47C52-9264-4B57-BA38-D1A5BAECC660}"
EndProject
Project("{9A19103F-16F7-4668-BE54-9A1E7A4F7556}") = "WheelMUD.ConnectionStates", "ConnectionStates\WheelMUD.ConnectionStates.csproj", "{1EDAA5FD-C255-4D5D-8E15-E717F60E55CF}"
EndProject
Project("{9A19103F-16F7-4668-BE54-9A1E7A4F7556}") = "WheelMUD.Actions", "Actions\WheelMUD.Actions.csproj", "{A2A4F82C-F885-4E71-82A8-8BFFAA771105}"
EndProject
Project("{9A19103F-16F7-4668-BE54-9A1E7A4F7556}") = "WheelMUD.Core", "Core\WheelMUD.Core.csproj", "{DC4BD540-7DB4-41C9-8634-C2780F4C1590}"
EndProject
Project("{9A19103F-16F7-4668-BE54-9A1E7A4F7556}") = "WheelMUD.Effects", "Effects\WheelMUD.Effects.csproj", "{4ED3B614-F28E-4CDD-9E25-57E68416BF2F}"
EndProject
Project("{9A19103F-16F7-4668-BE54-9A1E7A4F7556}") = "WheelMUD.Main", "Main\WheelMUD.Main.csproj", "{C1BF3C19-B5F8-4F23-A175-00F0AFDD8682}"
EndProject
Project("{9A19103F-16F7-4668-BE54-9A1E7A4F7556}") = "WheelMUD.Server", "Server\WheelMUD.Server.csproj", "{67EE47DE-70D5-466A-BFF0-83BF1BB9C5A7}"
EndProject
Project("{9A19103F-16F7-4668-BE54-9A1E7A4F7556}") = "WheelMUD.Universe", "Universe\WheelMUD.Universe.csproj", "{164575A3-FE8C-4785-8604-A7660160BC5B}"
EndProject
Project("{9A19103F-16F7-4668-BE54-9A1E7A4F7556}") = "WheelMUD.Utilities", "Utilities\WheelMUD.Utilities.csproj", "{03849491-18F6-4AB2-8E8C-2B0ACE8EC035}"
EndProject
Project("{2150E333-8FDC-42A3-9474-1A3956D46DE8}") = "Tests", "Tests", "{4C79993C-B08A-4C09-A970-4BC2F0AD4BCA}"
EndProject
Project("{2150E333-8FDC-42A3-9474-1A3956D46DE8}") = "Data", "Data", "{6132C745-3F4C-496A-A904-C7C7CE363085}"
EndProject
Project("{9A19103F-16F7-4668-BE54-9A1E7A4F7556}") = "WheelMUD.Data", "Data\WheelMUD.Data.csproj", "{3772CFD7-5EA1-442C-9CD8-8AA3F7E608F8}"
EndProject
Project("{9A19103F-16F7-4668-BE54-9A1E7A4F7556}") = "WheelMUD.Data.RavenDb", "Data.RavenDb\WheelMUD.Data.RavenDb.csproj", "{193A9077-B5F0-4EEF-AE98-D88C9CEF9B85}"
EndProject
Project("{9A19103F-16F7-4668-BE54-9A1E7A4F7556}") = "WheelMUD.Data.Sqlite", "Data.Sqlite\WheelMUD.Data.Sqlite.csproj", "{6E3E8F00-493A-4521-BBBA-853B22295FB4}"
EndProject
Project("{2150E333-8FDC-42A3-9474-1A3956D46DE8}") = "Solution Items", "Solution Items", "{AEFF153E-181D-41E9-90FC-F9A1C71AC8B7}"
	ProjectSection(SolutionItems) = preProject
		GlobalAssemblyInfo.cs = GlobalAssemblyInfo.cs
	EndProjectSection
EndProject
Project("{2150E333-8FDC-42A3-9474-1A3956D46DE8}") = "Support Servers", "Support Servers", "{D051C5A7-F170-427F-A8C8-DEBC246CA934}"
EndProject
Project("{9A19103F-16F7-4668-BE54-9A1E7A4F7556}") = "WheelMUD.Ftp", "FTPServer\Ftp\WheelMUD.Ftp.csproj", "{3BFE4F46-3B33-4449-AA58-B2B2F6E0A464}"
EndProject
Project("{2150E333-8FDC-42A3-9474-1A3956D46DE8}") = "Gaming", "Gaming", "{219394ED-676D-46B8-8AEE-FC6A2084F90F}"
EndProject
Project("{9A19103F-16F7-4668-BE54-9A1E7A4F7556}") = "WarriorRogueMage", "WarriorRogueMage\WarriorRogueMage.csproj", "{2C0AABE2-0B83-4F32-82C5-A0AF066AB34A}"
EndProject
Project("{2150E333-8FDC-42A3-9474-1A3956D46DE8}") = "Files", "Files", "{13D09790-7F43-4E3F-B779-99BE07BF40F0}"
	ProjectSection(SolutionItems) = preProject
		..\systemdata\Files\Credits.txt = ..\systemdata\Files\Credits.txt
	EndProjectSection
EndProject
Project("{9A19103F-16F7-4668-BE54-9A1E7A4F7556}") = "ServerHarness", "ServerHarness\ServerHarness.csproj", "{F6AE400B-3760-4D4E-909A-D09F3E477BB5}"
EndProject
Project("{9A19103F-16F7-4668-BE54-9A1E7A4F7556}") = "WarriorRogueMageTests", "Tests\WarriorRogueMageTests\WarriorRogueMageTests.csproj", "{D64A2284-61E0-46C1-93F2-D687D35E88C6}"
EndProject
Project("{9A19103F-16F7-4668-BE54-9A1E7A4F7556}") = "TestHelpers", "Tests\TestFramework\TestHelpers.csproj", "{28191C6A-E582-4D2D-B61E-16D2F55553D7}"
EndProject
Project("{9A19103F-16F7-4668-BE54-9A1E7A4F7556}") = "CoreTests", "Tests\CoreTests\CoreTests.csproj", "{EB2EB2A4-48AB-4EE7-9D8F-4C66C22A8CD6}"
EndProject
Project("{9A19103F-16F7-4668-BE54-9A1E7A4F7556}") = "ActionsTests", "Tests\ActionsTests\ActionsTests.csproj", "{912E28EF-0D37-46EE-A7B7-CAFB4978EFB9}"
EndProject
Global
	GlobalSection(SolutionConfigurationPlatforms) = preSolution
		Debug|Any CPU = Debug|Any CPU
		Release|Any CPU = Release|Any CPU
	EndGlobalSection
	GlobalSection(ProjectConfigurationPlatforms) = postSolution
		{1EDAA5FD-C255-4D5D-8E15-E717F60E55CF}.Debug|Any CPU.ActiveCfg = Debug|Any CPU
		{1EDAA5FD-C255-4D5D-8E15-E717F60E55CF}.Debug|Any CPU.Build.0 = Debug|Any CPU
		{1EDAA5FD-C255-4D5D-8E15-E717F60E55CF}.Release|Any CPU.ActiveCfg = Release|Any CPU
		{1EDAA5FD-C255-4D5D-8E15-E717F60E55CF}.Release|Any CPU.Build.0 = Release|Any CPU
		{A2A4F82C-F885-4E71-82A8-8BFFAA771105}.Debug|Any CPU.ActiveCfg = Debug|Any CPU
		{A2A4F82C-F885-4E71-82A8-8BFFAA771105}.Debug|Any CPU.Build.0 = Debug|Any CPU
		{A2A4F82C-F885-4E71-82A8-8BFFAA771105}.Release|Any CPU.ActiveCfg = Release|Any CPU
		{A2A4F82C-F885-4E71-82A8-8BFFAA771105}.Release|Any CPU.Build.0 = Release|Any CPU
		{DC4BD540-7DB4-41C9-8634-C2780F4C1590}.Debug|Any CPU.ActiveCfg = Debug|Any CPU
		{DC4BD540-7DB4-41C9-8634-C2780F4C1590}.Debug|Any CPU.Build.0 = Debug|Any CPU
		{DC4BD540-7DB4-41C9-8634-C2780F4C1590}.Release|Any CPU.ActiveCfg = Release|Any CPU
		{DC4BD540-7DB4-41C9-8634-C2780F4C1590}.Release|Any CPU.Build.0 = Release|Any CPU
		{4ED3B614-F28E-4CDD-9E25-57E68416BF2F}.Debug|Any CPU.ActiveCfg = Debug|Any CPU
		{4ED3B614-F28E-4CDD-9E25-57E68416BF2F}.Debug|Any CPU.Build.0 = Debug|Any CPU
		{4ED3B614-F28E-4CDD-9E25-57E68416BF2F}.Release|Any CPU.ActiveCfg = Release|Any CPU
		{4ED3B614-F28E-4CDD-9E25-57E68416BF2F}.Release|Any CPU.Build.0 = Release|Any CPU
		{C1BF3C19-B5F8-4F23-A175-00F0AFDD8682}.Debug|Any CPU.ActiveCfg = Debug|Any CPU
		{C1BF3C19-B5F8-4F23-A175-00F0AFDD8682}.Debug|Any CPU.Build.0 = Debug|Any CPU
		{C1BF3C19-B5F8-4F23-A175-00F0AFDD8682}.Release|Any CPU.ActiveCfg = Release|Any CPU
		{C1BF3C19-B5F8-4F23-A175-00F0AFDD8682}.Release|Any CPU.Build.0 = Release|Any CPU
		{67EE47DE-70D5-466A-BFF0-83BF1BB9C5A7}.Debug|Any CPU.ActiveCfg = Debug|Any CPU
		{67EE47DE-70D5-466A-BFF0-83BF1BB9C5A7}.Debug|Any CPU.Build.0 = Debug|Any CPU
		{67EE47DE-70D5-466A-BFF0-83BF1BB9C5A7}.Release|Any CPU.ActiveCfg = Release|Any CPU
		{67EE47DE-70D5-466A-BFF0-83BF1BB9C5A7}.Release|Any CPU.Build.0 = Release|Any CPU
		{164575A3-FE8C-4785-8604-A7660160BC5B}.Debug|Any CPU.ActiveCfg = Debug|Any CPU
		{164575A3-FE8C-4785-8604-A7660160BC5B}.Debug|Any CPU.Build.0 = Debug|Any CPU
		{164575A3-FE8C-4785-8604-A7660160BC5B}.Release|Any CPU.ActiveCfg = Release|Any CPU
		{164575A3-FE8C-4785-8604-A7660160BC5B}.Release|Any CPU.Build.0 = Release|Any CPU
		{03849491-18F6-4AB2-8E8C-2B0ACE8EC035}.Debug|Any CPU.ActiveCfg = Debug|Any CPU
		{03849491-18F6-4AB2-8E8C-2B0ACE8EC035}.Debug|Any CPU.Build.0 = Debug|Any CPU
		{03849491-18F6-4AB2-8E8C-2B0ACE8EC035}.Release|Any CPU.ActiveCfg = Release|Any CPU
		{03849491-18F6-4AB2-8E8C-2B0ACE8EC035}.Release|Any CPU.Build.0 = Release|Any CPU
		{3772CFD7-5EA1-442C-9CD8-8AA3F7E608F8}.Debug|Any CPU.ActiveCfg = Debug|Any CPU
		{3772CFD7-5EA1-442C-9CD8-8AA3F7E608F8}.Debug|Any CPU.Build.0 = Debug|Any CPU
		{3772CFD7-5EA1-442C-9CD8-8AA3F7E608F8}.Release|Any CPU.ActiveCfg = Release|Any CPU
		{3772CFD7-5EA1-442C-9CD8-8AA3F7E608F8}.Release|Any CPU.Build.0 = Release|Any CPU
		{193A9077-B5F0-4EEF-AE98-D88C9CEF9B85}.Debug|Any CPU.ActiveCfg = Debug|Any CPU
		{193A9077-B5F0-4EEF-AE98-D88C9CEF9B85}.Debug|Any CPU.Build.0 = Debug|Any CPU
		{193A9077-B5F0-4EEF-AE98-D88C9CEF9B85}.Release|Any CPU.ActiveCfg = Release|Any CPU
		{193A9077-B5F0-4EEF-AE98-D88C9CEF9B85}.Release|Any CPU.Build.0 = Release|Any CPU
		{6E3E8F00-493A-4521-BBBA-853B22295FB4}.Debug|Any CPU.ActiveCfg = Debug|Any CPU
		{6E3E8F00-493A-4521-BBBA-853B22295FB4}.Debug|Any CPU.Build.0 = Debug|Any CPU
		{6E3E8F00-493A-4521-BBBA-853B22295FB4}.Release|Any CPU.ActiveCfg = Release|Any CPU
		{6E3E8F00-493A-4521-BBBA-853B22295FB4}.Release|Any CPU.Build.0 = Release|Any CPU
		{3BFE4F46-3B33-4449-AA58-B2B2F6E0A464}.Debug|Any CPU.ActiveCfg = Debug|Any CPU
		{3BFE4F46-3B33-4449-AA58-B2B2F6E0A464}.Debug|Any CPU.Build.0 = Debug|Any CPU
		{3BFE4F46-3B33-4449-AA58-B2B2F6E0A464}.Release|Any CPU.ActiveCfg = Release|Any CPU
		{3BFE4F46-3B33-4449-AA58-B2B2F6E0A464}.Release|Any CPU.Build.0 = Release|Any CPU
		{2C0AABE2-0B83-4F32-82C5-A0AF066AB34A}.Debug|Any CPU.ActiveCfg = Debug|Any CPU
		{2C0AABE2-0B83-4F32-82C5-A0AF066AB34A}.Debug|Any CPU.Build.0 = Debug|Any CPU
		{2C0AABE2-0B83-4F32-82C5-A0AF066AB34A}.Release|Any CPU.ActiveCfg = Release|Any CPU
		{2C0AABE2-0B83-4F32-82C5-A0AF066AB34A}.Release|Any CPU.Build.0 = Release|Any CPU
		{F6AE400B-3760-4D4E-909A-D09F3E477BB5}.Debug|Any CPU.ActiveCfg = Debug|Any CPU
		{F6AE400B-3760-4D4E-909A-D09F3E477BB5}.Debug|Any CPU.Build.0 = Debug|Any CPU
		{F6AE400B-3760-4D4E-909A-D09F3E477BB5}.Release|Any CPU.ActiveCfg = Release|Any CPU
		{F6AE400B-3760-4D4E-909A-D09F3E477BB5}.Release|Any CPU.Build.0 = Release|Any CPU
		{D64A2284-61E0-46C1-93F2-D687D35E88C6}.Debug|Any CPU.ActiveCfg = Debug|Any CPU
		{D64A2284-61E0-46C1-93F2-D687D35E88C6}.Debug|Any CPU.Build.0 = Debug|Any CPU
		{D64A2284-61E0-46C1-93F2-D687D35E88C6}.Release|Any CPU.ActiveCfg = Release|Any CPU
		{D64A2284-61E0-46C1-93F2-D687D35E88C6}.Release|Any CPU.Build.0 = Release|Any CPU
		{28191C6A-E582-4D2D-B61E-16D2F55553D7}.Debug|Any CPU.ActiveCfg = Debug|Any CPU
		{28191C6A-E582-4D2D-B61E-16D2F55553D7}.Debug|Any CPU.Build.0 = Debug|Any CPU
		{28191C6A-E582-4D2D-B61E-16D2F55553D7}.Release|Any CPU.ActiveCfg = Release|Any CPU
		{28191C6A-E582-4D2D-B61E-16D2F55553D7}.Release|Any CPU.Build.0 = Release|Any CPU
		{EB2EB2A4-48AB-4EE7-9D8F-4C66C22A8CD6}.Debug|Any CPU.ActiveCfg = Debug|Any CPU
		{EB2EB2A4-48AB-4EE7-9D8F-4C66C22A8CD6}.Debug|Any CPU.Build.0 = Debug|Any CPU
		{EB2EB2A4-48AB-4EE7-9D8F-4C66C22A8CD6}.Release|Any CPU.ActiveCfg = Release|Any CPU
		{EB2EB2A4-48AB-4EE7-9D8F-4C66C22A8CD6}.Release|Any CPU.Build.0 = Release|Any CPU
		{912E28EF-0D37-46EE-A7B7-CAFB4978EFB9}.Debug|Any CPU.ActiveCfg = Debug|Any CPU
		{912E28EF-0D37-46EE-A7B7-CAFB4978EFB9}.Debug|Any CPU.Build.0 = Debug|Any CPU
		{912E28EF-0D37-46EE-A7B7-CAFB4978EFB9}.Release|Any CPU.ActiveCfg = Release|Any CPU
		{912E28EF-0D37-46EE-A7B7-CAFB4978EFB9}.Release|Any CPU.Build.0 = Release|Any CPU
	EndGlobalSection
	GlobalSection(SolutionProperties) = preSolution
		HideSolutionNode = FALSE
	EndGlobalSection
	GlobalSection(NestedProjects) = preSolution
		{1EDAA5FD-C255-4D5D-8E15-E717F60E55CF} = {70B47C52-9264-4B57-BA38-D1A5BAECC660}
		{A2A4F82C-F885-4E71-82A8-8BFFAA771105} = {70B47C52-9264-4B57-BA38-D1A5BAECC660}
		{DC4BD540-7DB4-41C9-8634-C2780F4C1590} = {70B47C52-9264-4B57-BA38-D1A5BAECC660}
		{4ED3B614-F28E-4CDD-9E25-57E68416BF2F} = {70B47C52-9264-4B57-BA38-D1A5BAECC660}
		{C1BF3C19-B5F8-4F23-A175-00F0AFDD8682} = {70B47C52-9264-4B57-BA38-D1A5BAECC660}
		{67EE47DE-70D5-466A-BFF0-83BF1BB9C5A7} = {70B47C52-9264-4B57-BA38-D1A5BAECC660}
		{164575A3-FE8C-4785-8604-A7660160BC5B} = {70B47C52-9264-4B57-BA38-D1A5BAECC660}
		{03849491-18F6-4AB2-8E8C-2B0ACE8EC035} = {70B47C52-9264-4B57-BA38-D1A5BAECC660}
		{3772CFD7-5EA1-442C-9CD8-8AA3F7E608F8} = {6132C745-3F4C-496A-A904-C7C7CE363085}
		{193A9077-B5F0-4EEF-AE98-D88C9CEF9B85} = {6132C745-3F4C-496A-A904-C7C7CE363085}
		{6E3E8F00-493A-4521-BBBA-853B22295FB4} = {6132C745-3F4C-496A-A904-C7C7CE363085}
		{3BFE4F46-3B33-4449-AA58-B2B2F6E0A464} = {D051C5A7-F170-427F-A8C8-DEBC246CA934}
		{2C0AABE2-0B83-4F32-82C5-A0AF066AB34A} = {219394ED-676D-46B8-8AEE-FC6A2084F90F}
		{D64A2284-61E0-46C1-93F2-D687D35E88C6} = {4C79993C-B08A-4C09-A970-4BC2F0AD4BCA}
		{28191C6A-E582-4D2D-B61E-16D2F55553D7} = {4C79993C-B08A-4C09-A970-4BC2F0AD4BCA}
		{EB2EB2A4-48AB-4EE7-9D8F-4C66C22A8CD6} = {4C79993C-B08A-4C09-A970-4BC2F0AD4BCA}
		{912E28EF-0D37-46EE-A7B7-CAFB4978EFB9} = {4C79993C-B08A-4C09-A970-4BC2F0AD4BCA}
	EndGlobalSection
	GlobalSection(ExtensibilityGlobals) = postSolution
		SolutionGuid = {264B2ECC-2D1D-4C6D-9CA9-82539671B3B1}
	EndGlobalSection
	GlobalSection(TestCaseManagementSettings) = postSolution
		CategoryFile = WheelMUD.vsmdi
	EndGlobalSection
	GlobalSection(MonoDevelopProperties) = preSolution
		StartupItem = TestHarness\TestHarness.csproj
	EndGlobalSection
EndGlobal
